
Microsoft Visual Studio Solution File, Format Version 12.00
# Visual Studio Version 16
VisualStudioVersion = 16.0.29920.165
MinimumVisualStudioVersion = 10.0.40219.1
Project("{FAE04EC0-301F-11D3-BF4B-00C04F79EFBC}") = "EHealthCare", "EHealthCare\EHealthCare.csproj", "{EF284AAB-D6F6-4072-8D70-086F9A221EED}"
EndProject
Global
	GlobalSection(SolutionConfigurationPlatforms) = preSolution
		Debug|Any CPU = Debug|Any CPU
		Release|Any CPU = Release|Any CPU
	EndGlobalSection
	GlobalSection(ProjectConfigurationPlatforms) = postSolution
		{EF284AAB-D6F6-4072-8D70-086F9A221EED}.Debug|Any CPU.ActiveCfg = Debug|Any CPU
		{EF284AAB-D6F6-4072-8D70-086F9A221EED}.Debug|Any CPU.Build.0 = Debug|Any CPU
		{EF284AAB-D6F6-4072-8D70-086F9A221EED}.Release|Any CPU.ActiveCfg = Release|Any CPU
		{EF284AAB-D6F6-4072-8D70-086F9A221EED}.Release|Any CPU.Build.0 = Release|Any CPU
	EndGlobalSection
	GlobalSection(SolutionProperties) = preSolution
		HideSolutionNode = FALSE
	EndGlobalSection
	GlobalSection(ExtensibilityGlobals) = postSolution
		SolutionGuid = {81B8705D-8AA4-4747-9041-86499ACA7249}
	EndGlobalSection
EndGlobal
